
Microsoft Visual Studio Solution File, Format Version 12.00
# Visual Studio 15
VisualStudioVersion = 15.0.26730.8
MinimumVisualStudioVersion = 10.0.40219.1
Project("{FAE04EC0-301F-11D3-BF4B-00C04F79EFBC}") = "UncommonSense.CBreeze.Core", "UncommonSense.CBreeze.Core\UncommonSense.CBreeze.Core.csproj", "{B17B9C13-574D-413C-BCBC-6C3239E17BE8}"
EndProject
Project("{FAE04EC0-301F-11D3-BF4B-00C04F79EFBC}") = "UncommonSense.CBreeze.Write", "UncommonSense.CBreeze.Write\UncommonSense.CBreeze.Write.csproj", "{1233B6B5-8D24-4483-A974-FF921DBA85C1}"
EndProject
Project("{FAE04EC0-301F-11D3-BF4B-00C04F79EFBC}") = "UncommonSense.CBreeze.Read", "UncommonSense.CBreeze.Read\UncommonSense.CBreeze.Read.csproj", "{11BF778B-6524-4845-895D-CCDF90329FB2}"
EndProject
Project("{FAE04EC0-301F-11D3-BF4B-00C04F79EFBC}") = "UncommonSense.CBreeze.Automation", "UncommonSense.CBreeze.Automation\UncommonSense.CBreeze.Automation.csproj", "{AD418664-85BF-445B-8792-6CD3CFD4AD33}"
EndProject
Project("{FAE04EC0-301F-11D3-BF4B-00C04F79EFBC}") = "UncommonSense.CBreeze.IO", "UncommonSense.CBreeze.IO\UncommonSense.CBreeze.IO.csproj", "{8F590103-F4B1-456B-BD22-A159846B0687}"
EndProject
Project("{FAE04EC0-301F-11D3-BF4B-00C04F79EFBC}") = "UncommonSense.CBreeze.Common", "UncommonSense.CBreeze.Common\UncommonSense.CBreeze.Common.csproj", "{ADE7D762-7EFD-4867-8B34-926D64793335}"
EndProject
Project("{FAE04EC0-301F-11D3-BF4B-00C04F79EFBC}") = "UncommonSense.CBreeze.Parse", "UncommonSense.CBreeze.Parse\UncommonSense.CBreeze.Parse.csproj", "{36FFE616-5167-4BB4-AF46-AB69606CBAA5}"
EndProject
Project("{FAE04EC0-301F-11D3-BF4B-00C04F79EFBC}") = "UncommonSense.CBreeze.Parse.Automation", "UncommonSense.CBreeze.Parse.Automation\UncommonSense.CBreeze.Parse.Automation.csproj", "{BECAB978-D8C6-434F-9701-12E534B78097}"
EndProject
Project("{FAE04EC0-301F-11D3-BF4B-00C04F79EFBC}") = "UncommonSense.CBreeze.Parse.Demo", "UncommonSense.CBreeze.Parse.Demo\UncommonSense.CBreeze.Parse.Demo.csproj", "{E2862360-AED4-4403-AF43-B3A5E8EECC3C}"
EndProject
Project("{FAE04EC0-301F-11D3-BF4B-00C04F79EFBC}") = "UncommonSense.CBreeze.Patterns", "UncommonSense.CBreeze.Patterns\UncommonSense.CBreeze.Patterns.csproj", "{C26EF547-74DE-451B-95A4-1C47F6632E03}"
EndProject
Project("{FAE04EC0-301F-11D3-BF4B-00C04F79EFBC}") = "UncommonSense.CBreeze.Presentation", "UncommonSense.CBreeze.Presentation\UncommonSense.CBreeze.Presentation.csproj", "{361567E2-AD3B-4995-AE7F-410F3537BDCE}"
EndProject
Project("{FAE04EC0-301F-11D3-BF4B-00C04F79EFBC}") = "UncommonSense.CBreeze.Script", "UncommonSense.CBreeze.Script\UncommonSense.CBreeze.Script.csproj", "{EFCDE9E3-09C8-42F6-B82F-CE078E702396}"
EndProject
Global
	GlobalSection(SolutionConfigurationPlatforms) = preSolution
		Debug|Any CPU = Debug|Any CPU
		Debug|Mixed Platforms = Debug|Mixed Platforms
		Debug|x86 = Debug|x86
		Release|Any CPU = Release|Any CPU
		Release|Mixed Platforms = Release|Mixed Platforms
		Release|x86 = Release|x86
	EndGlobalSection
	GlobalSection(ProjectConfigurationPlatforms) = postSolution
		{B17B9C13-574D-413C-BCBC-6C3239E17BE8}.Debug|Any CPU.ActiveCfg = Debug|Any CPU
		{B17B9C13-574D-413C-BCBC-6C3239E17BE8}.Debug|Any CPU.Build.0 = Debug|Any CPU
		{B17B9C13-574D-413C-BCBC-6C3239E17BE8}.Debug|Mixed Platforms.ActiveCfg = Debug|Any CPU
		{B17B9C13-574D-413C-BCBC-6C3239E17BE8}.Debug|Mixed Platforms.Build.0 = Debug|Any CPU
		{B17B9C13-574D-413C-BCBC-6C3239E17BE8}.Debug|x86.ActiveCfg = Debug|Any CPU
		{B17B9C13-574D-413C-BCBC-6C3239E17BE8}.Release|Any CPU.ActiveCfg = Release|Any CPU
		{B17B9C13-574D-413C-BCBC-6C3239E17BE8}.Release|Any CPU.Build.0 = Release|Any CPU
		{B17B9C13-574D-413C-BCBC-6C3239E17BE8}.Release|Mixed Platforms.ActiveCfg = Release|Any CPU
		{B17B9C13-574D-413C-BCBC-6C3239E17BE8}.Release|Mixed Platforms.Build.0 = Release|Any CPU
		{B17B9C13-574D-413C-BCBC-6C3239E17BE8}.Release|x86.ActiveCfg = Release|Any CPU
		{1233B6B5-8D24-4483-A974-FF921DBA85C1}.Debug|Any CPU.ActiveCfg = Debug|Any CPU
		{1233B6B5-8D24-4483-A974-FF921DBA85C1}.Debug|Any CPU.Build.0 = Debug|Any CPU
		{1233B6B5-8D24-4483-A974-FF921DBA85C1}.Debug|Mixed Platforms.ActiveCfg = Debug|Any CPU
		{1233B6B5-8D24-4483-A974-FF921DBA85C1}.Debug|Mixed Platforms.Build.0 = Debug|Any CPU
		{1233B6B5-8D24-4483-A974-FF921DBA85C1}.Debug|x86.ActiveCfg = Debug|Any CPU
		{1233B6B5-8D24-4483-A974-FF921DBA85C1}.Release|Any CPU.ActiveCfg = Release|Any CPU
		{1233B6B5-8D24-4483-A974-FF921DBA85C1}.Release|Any CPU.Build.0 = Release|Any CPU
		{1233B6B5-8D24-4483-A974-FF921DBA85C1}.Release|Mixed Platforms.ActiveCfg = Release|Any CPU
		{1233B6B5-8D24-4483-A974-FF921DBA85C1}.Release|Mixed Platforms.Build.0 = Release|Any CPU
		{1233B6B5-8D24-4483-A974-FF921DBA85C1}.Release|x86.ActiveCfg = Release|Any CPU
		{11BF778B-6524-4845-895D-CCDF90329FB2}.Debug|Any CPU.ActiveCfg = Debug|Any CPU
		{11BF778B-6524-4845-895D-CCDF90329FB2}.Debug|Any CPU.Build.0 = Debug|Any CPU
		{11BF778B-6524-4845-895D-CCDF90329FB2}.Debug|Mixed Platforms.ActiveCfg = Debug|Any CPU
		{11BF778B-6524-4845-895D-CCDF90329FB2}.Debug|Mixed Platforms.Build.0 = Debug|Any CPU
		{11BF778B-6524-4845-895D-CCDF90329FB2}.Debug|x86.ActiveCfg = Debug|Any CPU
		{11BF778B-6524-4845-895D-CCDF90329FB2}.Release|Any CPU.ActiveCfg = Release|Any CPU
		{11BF778B-6524-4845-895D-CCDF90329FB2}.Release|Any CPU.Build.0 = Release|Any CPU
		{11BF778B-6524-4845-895D-CCDF90329FB2}.Release|Mixed Platforms.ActiveCfg = Release|Any CPU
		{11BF778B-6524-4845-895D-CCDF90329FB2}.Release|Mixed Platforms.Build.0 = Release|Any CPU
		{11BF778B-6524-4845-895D-CCDF90329FB2}.Release|x86.ActiveCfg = Release|Any CPU
		{AD418664-85BF-445B-8792-6CD3CFD4AD33}.Debug|Any CPU.ActiveCfg = Debug|Any CPU
		{AD418664-85BF-445B-8792-6CD3CFD4AD33}.Debug|Any CPU.Build.0 = Debug|Any CPU
		{AD418664-85BF-445B-8792-6CD3CFD4AD33}.Debug|Mixed Platforms.ActiveCfg = Debug|Any CPU
		{AD418664-85BF-445B-8792-6CD3CFD4AD33}.Debug|Mixed Platforms.Build.0 = Debug|Any CPU
		{AD418664-85BF-445B-8792-6CD3CFD4AD33}.Debug|x86.ActiveCfg = Debug|Any CPU
		{AD418664-85BF-445B-8792-6CD3CFD4AD33}.Release|Any CPU.ActiveCfg = Release|Any CPU
		{AD418664-85BF-445B-8792-6CD3CFD4AD33}.Release|Any CPU.Build.0 = Release|Any CPU
		{AD418664-85BF-445B-8792-6CD3CFD4AD33}.Release|Mixed Platforms.ActiveCfg = Release|Any CPU
		{AD418664-85BF-445B-8792-6CD3CFD4AD33}.Release|Mixed Platforms.Build.0 = Release|Any CPU
		{AD418664-85BF-445B-8792-6CD3CFD4AD33}.Release|x86.ActiveCfg = Release|Any CPU
		{8F590103-F4B1-456B-BD22-A159846B0687}.Debug|Any CPU.ActiveCfg = Debug|Any CPU
		{8F590103-F4B1-456B-BD22-A159846B0687}.Debug|Any CPU.Build.0 = Debug|Any CPU
		{8F590103-F4B1-456B-BD22-A159846B0687}.Debug|Mixed Platforms.ActiveCfg = Debug|Any CPU
		{8F590103-F4B1-456B-BD22-A159846B0687}.Debug|Mixed Platforms.Build.0 = Debug|Any CPU
		{8F590103-F4B1-456B-BD22-A159846B0687}.Debug|x86.ActiveCfg = Debug|Any CPU
		{8F590103-F4B1-456B-BD22-A159846B0687}.Release|Any CPU.ActiveCfg = Release|Any CPU
		{8F590103-F4B1-456B-BD22-A159846B0687}.Release|Any CPU.Build.0 = Release|Any CPU
		{8F590103-F4B1-456B-BD22-A159846B0687}.Release|Mixed Platforms.ActiveCfg = Release|Any CPU
		{8F590103-F4B1-456B-BD22-A159846B0687}.Release|Mixed Platforms.Build.0 = Release|Any CPU
		{8F590103-F4B1-456B-BD22-A159846B0687}.Release|x86.ActiveCfg = Release|Any CPU
		{ADE7D762-7EFD-4867-8B34-926D64793335}.Debug|Any CPU.ActiveCfg = Debug|Any CPU
		{ADE7D762-7EFD-4867-8B34-926D64793335}.Debug|Any CPU.Build.0 = Debug|Any CPU
		{ADE7D762-7EFD-4867-8B34-926D64793335}.Debug|Mixed Platforms.ActiveCfg = Debug|Any CPU
		{ADE7D762-7EFD-4867-8B34-926D64793335}.Debug|Mixed Platforms.Build.0 = Debug|Any CPU
		{ADE7D762-7EFD-4867-8B34-926D64793335}.Debug|x86.ActiveCfg = Debug|Any CPU
		{ADE7D762-7EFD-4867-8B34-926D64793335}.Debug|x86.Build.0 = Debug|Any CPU
		{ADE7D762-7EFD-4867-8B34-926D64793335}.Release|Any CPU.ActiveCfg = Release|Any CPU
		{ADE7D762-7EFD-4867-8B34-926D64793335}.Release|Any CPU.Build.0 = Release|Any CPU
		{ADE7D762-7EFD-4867-8B34-926D64793335}.Release|Mixed Platforms.ActiveCfg = Release|Any CPU
		{ADE7D762-7EFD-4867-8B34-926D64793335}.Release|Mixed Platforms.Build.0 = Release|Any CPU
		{ADE7D762-7EFD-4867-8B34-926D64793335}.Release|x86.ActiveCfg = Release|Any CPU
		{ADE7D762-7EFD-4867-8B34-926D64793335}.Release|x86.Build.0 = Release|Any CPU
		{36FFE616-5167-4BB4-AF46-AB69606CBAA5}.Debug|Any CPU.ActiveCfg = Debug|x86
		{36FFE616-5167-4BB4-AF46-AB69606CBAA5}.Debug|Any CPU.Build.0 = Debug|x86
		{36FFE616-5167-4BB4-AF46-AB69606CBAA5}.Debug|Mixed Platforms.ActiveCfg = Debug|x86
		{36FFE616-5167-4BB4-AF46-AB69606CBAA5}.Debug|Mixed Platforms.Build.0 = Debug|x86
		{36FFE616-5167-4BB4-AF46-AB69606CBAA5}.Debug|x86.ActiveCfg = Debug|x86
		{36FFE616-5167-4BB4-AF46-AB69606CBAA5}.Debug|x86.Build.0 = Debug|x86
		{36FFE616-5167-4BB4-AF46-AB69606CBAA5}.Release|Any CPU.ActiveCfg = Release|x86
		{36FFE616-5167-4BB4-AF46-AB69606CBAA5}.Release|Mixed Platforms.ActiveCfg = Release|x86
		{36FFE616-5167-4BB4-AF46-AB69606CBAA5}.Release|Mixed Platforms.Build.0 = Release|x86
		{36FFE616-5167-4BB4-AF46-AB69606CBAA5}.Release|x86.ActiveCfg = Release|x86
		{36FFE616-5167-4BB4-AF46-AB69606CBAA5}.Release|x86.Build.0 = Release|x86
		{BECAB978-D8C6-434F-9701-12E534B78097}.Debug|Any CPU.ActiveCfg = Debug|Any CPU
		{BECAB978-D8C6-434F-9701-12E534B78097}.Debug|Any CPU.Build.0 = Debug|Any CPU
		{BECAB978-D8C6-434F-9701-12E534B78097}.Debug|Mixed Platforms.ActiveCfg = Debug|Any CPU
		{BECAB978-D8C6-434F-9701-12E534B78097}.Debug|Mixed Platforms.Build.0 = Debug|Any CPU
		{BECAB978-D8C6-434F-9701-12E534B78097}.Debug|x86.ActiveCfg = Debug|Any CPU
		{BECAB978-D8C6-434F-9701-12E534B78097}.Debug|x86.Build.0 = Debug|Any CPU
		{BECAB978-D8C6-434F-9701-12E534B78097}.Release|Any CPU.ActiveCfg = Release|Any CPU
		{BECAB978-D8C6-434F-9701-12E534B78097}.Release|Any CPU.Build.0 = Release|Any CPU
		{BECAB978-D8C6-434F-9701-12E534B78097}.Release|Mixed Platforms.ActiveCfg = Release|Any CPU
		{BECAB978-D8C6-434F-9701-12E534B78097}.Release|Mixed Platforms.Build.0 = Release|Any CPU
		{BECAB978-D8C6-434F-9701-12E534B78097}.Release|x86.ActiveCfg = Release|Any CPU
		{BECAB978-D8C6-434F-9701-12E534B78097}.Release|x86.Build.0 = Release|Any CPU
		{E2862360-AED4-4403-AF43-B3A5E8EECC3C}.Debug|Any CPU.ActiveCfg = Debug|Any CPU
		{E2862360-AED4-4403-AF43-B3A5E8EECC3C}.Debug|Any CPU.Build.0 = Debug|Any CPU
		{E2862360-AED4-4403-AF43-B3A5E8EECC3C}.Debug|Mixed Platforms.ActiveCfg = Debug|Any CPU
		{E2862360-AED4-4403-AF43-B3A5E8EECC3C}.Debug|Mixed Platforms.Build.0 = Debug|Any CPU
		{E2862360-AED4-4403-AF43-B3A5E8EECC3C}.Debug|x86.ActiveCfg = Debug|Any CPU
		{E2862360-AED4-4403-AF43-B3A5E8EECC3C}.Debug|x86.Build.0 = Debug|Any CPU
		{E2862360-AED4-4403-AF43-B3A5E8EECC3C}.Release|Any CPU.ActiveCfg = Release|Any CPU
		{E2862360-AED4-4403-AF43-B3A5E8EECC3C}.Release|Any CPU.Build.0 = Release|Any CPU
		{E2862360-AED4-4403-AF43-B3A5E8EECC3C}.Release|Mixed Platforms.ActiveCfg = Release|Any CPU
		{E2862360-AED4-4403-AF43-B3A5E8EECC3C}.Release|Mixed Platforms.Build.0 = Release|Any CPU
		{E2862360-AED4-4403-AF43-B3A5E8EECC3C}.Release|x86.ActiveCfg = Release|Any CPU
		{E2862360-AED4-4403-AF43-B3A5E8EECC3C}.Release|x86.Build.0 = Release|Any CPU
		{C26EF547-74DE-451B-95A4-1C47F6632E03}.Debug|Any CPU.ActiveCfg = Debug|Any CPU
		{C26EF547-74DE-451B-95A4-1C47F6632E03}.Debug|Any CPU.Build.0 = Debug|Any CPU
		{C26EF547-74DE-451B-95A4-1C47F6632E03}.Debug|Mixed Platforms.ActiveCfg = Debug|Any CPU
		{C26EF547-74DE-451B-95A4-1C47F6632E03}.Debug|Mixed Platforms.Build.0 = Debug|Any CPU
		{C26EF547-74DE-451B-95A4-1C47F6632E03}.Debug|x86.ActiveCfg = Debug|Any CPU
		{C26EF547-74DE-451B-95A4-1C47F6632E03}.Debug|x86.Build.0 = Debug|Any CPU
		{C26EF547-74DE-451B-95A4-1C47F6632E03}.Release|Any CPU.ActiveCfg = Release|Any CPU
		{C26EF547-74DE-451B-95A4-1C47F6632E03}.Release|Any CPU.Build.0 = Release|Any CPU
		{C26EF547-74DE-451B-95A4-1C47F6632E03}.Release|Mixed Platforms.ActiveCfg = Release|Any CPU
		{C26EF547-74DE-451B-95A4-1C47F6632E03}.Release|Mixed Platforms.Build.0 = Release|Any CPU
		{C26EF547-74DE-451B-95A4-1C47F6632E03}.Release|x86.ActiveCfg = Release|Any CPU
		{C26EF547-74DE-451B-95A4-1C47F6632E03}.Release|x86.Build.0 = Release|Any CPU
		{361567E2-AD3B-4995-AE7F-410F3537BDCE}.Debug|Any CPU.ActiveCfg = Debug|Any CPU
		{361567E2-AD3B-4995-AE7F-410F3537BDCE}.Debug|Any CPU.Build.0 = Debug|Any CPU
		{361567E2-AD3B-4995-AE7F-410F3537BDCE}.Debug|Mixed Platforms.ActiveCfg = Debug|Any CPU
		{361567E2-AD3B-4995-AE7F-410F3537BDCE}.Debug|Mixed Platforms.Build.0 = Debug|Any CPU
		{361567E2-AD3B-4995-AE7F-410F3537BDCE}.Debug|x86.ActiveCfg = Debug|Any CPU
		{361567E2-AD3B-4995-AE7F-410F3537BDCE}.Debug|x86.Build.0 = Debug|Any CPU
		{361567E2-AD3B-4995-AE7F-410F3537BDCE}.Release|Any CPU.ActiveCfg = Release|Any CPU
		{361567E2-AD3B-4995-AE7F-410F3537BDCE}.Release|Any CPU.Build.0 = Release|Any CPU
		{361567E2-AD3B-4995-AE7F-410F3537BDCE}.Release|Mixed Platforms.ActiveCfg = Release|Any CPU
		{361567E2-AD3B-4995-AE7F-410F3537BDCE}.Release|Mixed Platforms.Build.0 = Release|Any CPU
		{361567E2-AD3B-4995-AE7F-410F3537BDCE}.Release|x86.ActiveCfg = Release|Any CPU
		{361567E2-AD3B-4995-AE7F-410F3537BDCE}.Release|x86.Build.0 = Release|Any CPU
		{EFCDE9E3-09C8-42F6-B82F-CE078E702396}.Debug|Any CPU.ActiveCfg = Debug|Any CPU
		{EFCDE9E3-09C8-42F6-B82F-CE078E702396}.Debug|Any CPU.Build.0 = Debug|Any CPU
		{EFCDE9E3-09C8-42F6-B82F-CE078E702396}.Debug|Mixed Platforms.ActiveCfg = Debug|Any CPU
		{EFCDE9E3-09C8-42F6-B82F-CE078E702396}.Debug|Mixed Platforms.Build.0 = Debug|Any CPU
		{EFCDE9E3-09C8-42F6-B82F-CE078E702396}.Debug|x86.ActiveCfg = Debug|Any CPU
		{EFCDE9E3-09C8-42F6-B82F-CE078E702396}.Debug|x86.Build.0 = Debug|Any CPU
		{EFCDE9E3-09C8-42F6-B82F-CE078E702396}.Release|Any CPU.ActiveCfg = Release|Any CPU
		{EFCDE9E3-09C8-42F6-B82F-CE078E702396}.Release|Any CPU.Build.0 = Release|Any CPU
		{EFCDE9E3-09C8-42F6-B82F-CE078E702396}.Release|Mixed Platforms.ActiveCfg = Release|Any CPU
		{EFCDE9E3-09C8-42F6-B82F-CE078E702396}.Release|Mixed Platforms.Build.0 = Release|Any CPU
		{EFCDE9E3-09C8-42F6-B82F-CE078E702396}.Release|x86.ActiveCfg = Release|Any CPU
		{EFCDE9E3-09C8-42F6-B82F-CE078E702396}.Release|x86.Build.0 = Release|Any CPU
	EndGlobalSection
	GlobalSection(SolutionProperties) = preSolution
		HideSolutionNode = FALSE
	EndGlobalSection
	GlobalSection(ExtensibilityGlobals) = postSolution
		SolutionGuid = {B2091278-6EC5-4221-8754-CC882DD676CE}
	EndGlobalSection
EndGlobal
