
Microsoft Visual Studio Solution File, Format Version 12.00
# Visual Studio 2012
Project("{FAE04EC0-301F-11D3-BF4B-00C04F79EFBC}") = "UncommonSense.CBreeze.Core", "UncommonSense.CBreeze.Core\UncommonSense.CBreeze.Core.csproj", "{B17B9C13-574D-413C-BCBC-6C3239E17BE8}"
EndProject
Project("{FAE04EC0-301F-11D3-BF4B-00C04F79EFBC}") = "UncommonSense.CBreeze.Write", "UncommonSense.CBreeze.Write\UncommonSense.CBreeze.Write.csproj", "{1233B6B5-8D24-4483-A974-FF921DBA85C1}"
EndProject
Project("{FAE04EC0-301F-11D3-BF4B-00C04F79EFBC}") = "UncommonSense.CBreeze.Render", "UncommonSense.CBreeze.Render\UncommonSense.CBreeze.Render.csproj", "{C897CEE2-F672-43DB-B75D-17DFB7EEAB07}"
EndProject
Project("{FAE04EC0-301F-11D3-BF4B-00C04F79EFBC}") = "UncommonSense.CBreeze.Demo", "UncommonSense.CBreeze.Demo\UncommonSense.CBreeze.Demo.csproj", "{7CE45259-8593-4DDF-A527-9D6256EF95A7}"
EndProject
Project("{FAE04EC0-301F-11D3-BF4B-00C04F79EFBC}") = "UncommonSense.CBreeze.Read", "UncommonSense.CBreeze.Read\UncommonSense.CBreeze.Read.csproj", "{11BF778B-6524-4845-895D-CCDF90329FB2}"
EndProject
Project("{FAE04EC0-301F-11D3-BF4B-00C04F79EFBC}") = "UncommonSense.CBreeze.Automation", "UncommonSense.CBreeze.Automation\UncommonSense.CBreeze.Automation.csproj", "{AD418664-85BF-445B-8792-6CD3CFD4AD33}"
EndProject
Project("{FAE04EC0-301F-11D3-BF4B-00C04F79EFBC}") = "UncommonSense.CBreeze.Utils", "UncommonSense.CBreeze.Utils\UncommonSense.CBreeze.Utils.csproj", "{8CDAB257-683A-4AD2-A266-3C0EF538628C}"
EndProject
Project("{FAE04EC0-301F-11D3-BF4B-00C04F79EFBC}") = "UncommonSense.CBreeze.IO", "UncommonSense.CBreeze.IO\UncommonSense.CBreeze.IO.csproj", "{8F590103-F4B1-456B-BD22-A159846B0687}"
EndProject
Global
	GlobalSection(SolutionConfigurationPlatforms) = preSolution
		Debug|Any CPU = Debug|Any CPU
		Debug|Mixed Platforms = Debug|Mixed Platforms
		Debug|x86 = Debug|x86
		Release|Any CPU = Release|Any CPU
		Release|Mixed Platforms = Release|Mixed Platforms
		Release|x86 = Release|x86
	EndGlobalSection
	GlobalSection(ProjectConfigurationPlatforms) = postSolution
		{B17B9C13-574D-413C-BCBC-6C3239E17BE8}.Debug|Any CPU.ActiveCfg = Debug|Any CPU
		{B17B9C13-574D-413C-BCBC-6C3239E17BE8}.Debug|Any CPU.Build.0 = Debug|Any CPU
		{B17B9C13-574D-413C-BCBC-6C3239E17BE8}.Debug|Mixed Platforms.ActiveCfg = Debug|Any CPU
		{B17B9C13-574D-413C-BCBC-6C3239E17BE8}.Debug|Mixed Platforms.Build.0 = Debug|Any CPU
		{B17B9C13-574D-413C-BCBC-6C3239E17BE8}.Debug|x86.ActiveCfg = Debug|Any CPU
		{B17B9C13-574D-413C-BCBC-6C3239E17BE8}.Release|Any CPU.ActiveCfg = Release|Any CPU
		{B17B9C13-574D-413C-BCBC-6C3239E17BE8}.Release|Any CPU.Build.0 = Release|Any CPU
		{B17B9C13-574D-413C-BCBC-6C3239E17BE8}.Release|Mixed Platforms.ActiveCfg = Release|Any CPU
		{B17B9C13-574D-413C-BCBC-6C3239E17BE8}.Release|Mixed Platforms.Build.0 = Release|Any CPU
		{B17B9C13-574D-413C-BCBC-6C3239E17BE8}.Release|x86.ActiveCfg = Release|Any CPU
		{1233B6B5-8D24-4483-A974-FF921DBA85C1}.Debug|Any CPU.ActiveCfg = Debug|Any CPU
		{1233B6B5-8D24-4483-A974-FF921DBA85C1}.Debug|Any CPU.Build.0 = Debug|Any CPU
		{1233B6B5-8D24-4483-A974-FF921DBA85C1}.Debug|Mixed Platforms.ActiveCfg = Debug|Any CPU
		{1233B6B5-8D24-4483-A974-FF921DBA85C1}.Debug|Mixed Platforms.Build.0 = Debug|Any CPU
		{1233B6B5-8D24-4483-A974-FF921DBA85C1}.Debug|x86.ActiveCfg = Debug|Any CPU
		{1233B6B5-8D24-4483-A974-FF921DBA85C1}.Release|Any CPU.ActiveCfg = Release|Any CPU
		{1233B6B5-8D24-4483-A974-FF921DBA85C1}.Release|Any CPU.Build.0 = Release|Any CPU
		{1233B6B5-8D24-4483-A974-FF921DBA85C1}.Release|Mixed Platforms.ActiveCfg = Release|Any CPU
		{1233B6B5-8D24-4483-A974-FF921DBA85C1}.Release|Mixed Platforms.Build.0 = Release|Any CPU
		{1233B6B5-8D24-4483-A974-FF921DBA85C1}.Release|x86.ActiveCfg = Release|Any CPU
		{C897CEE2-F672-43DB-B75D-17DFB7EEAB07}.Debug|Any CPU.ActiveCfg = Debug|Any CPU
		{C897CEE2-F672-43DB-B75D-17DFB7EEAB07}.Debug|Any CPU.Build.0 = Debug|Any CPU
		{C897CEE2-F672-43DB-B75D-17DFB7EEAB07}.Debug|Mixed Platforms.ActiveCfg = Debug|Any CPU
		{C897CEE2-F672-43DB-B75D-17DFB7EEAB07}.Debug|Mixed Platforms.Build.0 = Debug|Any CPU
		{C897CEE2-F672-43DB-B75D-17DFB7EEAB07}.Debug|x86.ActiveCfg = Debug|Any CPU
		{C897CEE2-F672-43DB-B75D-17DFB7EEAB07}.Release|Any CPU.ActiveCfg = Release|Any CPU
		{C897CEE2-F672-43DB-B75D-17DFB7EEAB07}.Release|Any CPU.Build.0 = Release|Any CPU
		{C897CEE2-F672-43DB-B75D-17DFB7EEAB07}.Release|Mixed Platforms.ActiveCfg = Release|Any CPU
		{C897CEE2-F672-43DB-B75D-17DFB7EEAB07}.Release|Mixed Platforms.Build.0 = Release|Any CPU
		{C897CEE2-F672-43DB-B75D-17DFB7EEAB07}.Release|x86.ActiveCfg = Release|Any CPU
		{7CE45259-8593-4DDF-A527-9D6256EF95A7}.Debug|Any CPU.ActiveCfg = Debug|x86
		{7CE45259-8593-4DDF-A527-9D6256EF95A7}.Debug|Any CPU.Build.0 = Debug|x86
		{7CE45259-8593-4DDF-A527-9D6256EF95A7}.Debug|Mixed Platforms.ActiveCfg = Debug|x86
		{7CE45259-8593-4DDF-A527-9D6256EF95A7}.Debug|Mixed Platforms.Build.0 = Debug|x86
		{7CE45259-8593-4DDF-A527-9D6256EF95A7}.Debug|x86.ActiveCfg = Debug|x86
		{7CE45259-8593-4DDF-A527-9D6256EF95A7}.Debug|x86.Build.0 = Debug|x86
		{7CE45259-8593-4DDF-A527-9D6256EF95A7}.Release|Any CPU.ActiveCfg = Release|x86
		{7CE45259-8593-4DDF-A527-9D6256EF95A7}.Release|Mixed Platforms.ActiveCfg = Release|x86
		{7CE45259-8593-4DDF-A527-9D6256EF95A7}.Release|Mixed Platforms.Build.0 = Release|x86
		{7CE45259-8593-4DDF-A527-9D6256EF95A7}.Release|x86.ActiveCfg = Release|x86
		{7CE45259-8593-4DDF-A527-9D6256EF95A7}.Release|x86.Build.0 = Release|x86
		{11BF778B-6524-4845-895D-CCDF90329FB2}.Debug|Any CPU.ActiveCfg = Debug|Any CPU
		{11BF778B-6524-4845-895D-CCDF90329FB2}.Debug|Any CPU.Build.0 = Debug|Any CPU
		{11BF778B-6524-4845-895D-CCDF90329FB2}.Debug|Mixed Platforms.ActiveCfg = Debug|Any CPU
		{11BF778B-6524-4845-895D-CCDF90329FB2}.Debug|Mixed Platforms.Build.0 = Debug|Any CPU
		{11BF778B-6524-4845-895D-CCDF90329FB2}.Debug|x86.ActiveCfg = Debug|Any CPU
		{11BF778B-6524-4845-895D-CCDF90329FB2}.Release|Any CPU.ActiveCfg = Release|Any CPU
		{11BF778B-6524-4845-895D-CCDF90329FB2}.Release|Any CPU.Build.0 = Release|Any CPU
		{11BF778B-6524-4845-895D-CCDF90329FB2}.Release|Mixed Platforms.ActiveCfg = Release|Any CPU
		{11BF778B-6524-4845-895D-CCDF90329FB2}.Release|Mixed Platforms.Build.0 = Release|Any CPU
		{11BF778B-6524-4845-895D-CCDF90329FB2}.Release|x86.ActiveCfg = Release|Any CPU
		{AD418664-85BF-445B-8792-6CD3CFD4AD33}.Debug|Any CPU.ActiveCfg = Debug|Any CPU
		{AD418664-85BF-445B-8792-6CD3CFD4AD33}.Debug|Any CPU.Build.0 = Debug|Any CPU
		{AD418664-85BF-445B-8792-6CD3CFD4AD33}.Debug|Mixed Platforms.ActiveCfg = Debug|Any CPU
		{AD418664-85BF-445B-8792-6CD3CFD4AD33}.Debug|Mixed Platforms.Build.0 = Debug|Any CPU
		{AD418664-85BF-445B-8792-6CD3CFD4AD33}.Debug|x86.ActiveCfg = Debug|Any CPU
		{AD418664-85BF-445B-8792-6CD3CFD4AD33}.Release|Any CPU.ActiveCfg = Release|Any CPU
		{AD418664-85BF-445B-8792-6CD3CFD4AD33}.Release|Any CPU.Build.0 = Release|Any CPU
		{AD418664-85BF-445B-8792-6CD3CFD4AD33}.Release|Mixed Platforms.ActiveCfg = Release|Any CPU
		{AD418664-85BF-445B-8792-6CD3CFD4AD33}.Release|Mixed Platforms.Build.0 = Release|Any CPU
		{AD418664-85BF-445B-8792-6CD3CFD4AD33}.Release|x86.ActiveCfg = Release|Any CPU
		{8CDAB257-683A-4AD2-A266-3C0EF538628C}.Debug|Any CPU.ActiveCfg = Debug|Any CPU
		{8CDAB257-683A-4AD2-A266-3C0EF538628C}.Debug|Any CPU.Build.0 = Debug|Any CPU
		{8CDAB257-683A-4AD2-A266-3C0EF538628C}.Debug|Mixed Platforms.ActiveCfg = Debug|Any CPU
		{8CDAB257-683A-4AD2-A266-3C0EF538628C}.Debug|Mixed Platforms.Build.0 = Debug|Any CPU
		{8CDAB257-683A-4AD2-A266-3C0EF538628C}.Debug|x86.ActiveCfg = Debug|Any CPU
		{8CDAB257-683A-4AD2-A266-3C0EF538628C}.Release|Any CPU.ActiveCfg = Release|Any CPU
		{8CDAB257-683A-4AD2-A266-3C0EF538628C}.Release|Any CPU.Build.0 = Release|Any CPU
		{8CDAB257-683A-4AD2-A266-3C0EF538628C}.Release|Mixed Platforms.ActiveCfg = Release|Any CPU
		{8CDAB257-683A-4AD2-A266-3C0EF538628C}.Release|Mixed Platforms.Build.0 = Release|Any CPU
		{8CDAB257-683A-4AD2-A266-3C0EF538628C}.Release|x86.ActiveCfg = Release|Any CPU
		{8F590103-F4B1-456B-BD22-A159846B0687}.Debug|Any CPU.ActiveCfg = Debug|Any CPU
		{8F590103-F4B1-456B-BD22-A159846B0687}.Debug|Any CPU.Build.0 = Debug|Any CPU
		{8F590103-F4B1-456B-BD22-A159846B0687}.Debug|Mixed Platforms.ActiveCfg = Debug|Any CPU
		{8F590103-F4B1-456B-BD22-A159846B0687}.Debug|Mixed Platforms.Build.0 = Debug|Any CPU
		{8F590103-F4B1-456B-BD22-A159846B0687}.Debug|x86.ActiveCfg = Debug|Any CPU
		{8F590103-F4B1-456B-BD22-A159846B0687}.Release|Any CPU.ActiveCfg = Release|Any CPU
		{8F590103-F4B1-456B-BD22-A159846B0687}.Release|Any CPU.Build.0 = Release|Any CPU
		{8F590103-F4B1-456B-BD22-A159846B0687}.Release|Mixed Platforms.ActiveCfg = Release|Any CPU
		{8F590103-F4B1-456B-BD22-A159846B0687}.Release|Mixed Platforms.Build.0 = Release|Any CPU
		{8F590103-F4B1-456B-BD22-A159846B0687}.Release|x86.ActiveCfg = Release|Any CPU
	EndGlobalSection
	GlobalSection(SolutionProperties) = preSolution
		HideSolutionNode = FALSE
	EndGlobalSection
EndGlobal
