
Microsoft Visual Studio Solution File, Format Version 12.00
# Visual Studio 2012
Project("{FAE04EC0-301F-11D3-BF4B-00C04F79EFBC}") = "UncommonSense.CBreeze.DomBuilder", "UncommonSense.CBreeze.DomBuilder\UncommonSense.CBreeze.DomBuilder.csproj", "{B3B4C832-763E-40DC-AD4C-D05607AC254D}"
EndProject
Project("{FAE04EC0-301F-11D3-BF4B-00C04F79EFBC}") = "UncommonSense.CBreeze.DomBuilder.Demo", "UncommonSense.CBreeze.DomBuilder.Demo\UncommonSense.CBreeze.DomBuilder.Demo.csproj", "{955D571A-90D4-48B5-9D1B-9E93A8446266}"
EndProject
Project("{FAE04EC0-301F-11D3-BF4B-00C04F79EFBC}") = "UncommonSense.CBreeze.DomBuilder2", "UncommonSense.CBreeze.DomBuilder2.Old\UncommonSense.CBreeze.DomBuilder2.csproj", "{A6C0A589-4221-453C-B482-26123E15FDF0}"
EndProject
Project("{FAE04EC0-301F-11D3-BF4B-00C04F79EFBC}") = "UncommonSense.CBreeze.DomBuilder.Test", "UncommonSense.CBreeze.DomBuilder.Test.Old\UncommonSense.CBreeze.DomBuilder.Test.csproj", "{FB5BE8CA-8853-4510-98FD-F046516D25C0}"
EndProject
Project("{FAE04EC0-301F-11D3-BF4B-00C04F79EFBC}") = "UncommonSense.CBreeze.DomBuilder2.Demo", "UncommonSense.CBreeze.DomBuilder2.Demo.Old\UncommonSense.CBreeze.DomBuilder2.Demo.csproj", "{CD2F8E93-AFD6-46CE-99C9-77FE6A26DEC5}"
EndProject
Global
	GlobalSection(SolutionConfigurationPlatforms) = preSolution
		Debug|Any CPU = Debug|Any CPU
		Release|Any CPU = Release|Any CPU
	EndGlobalSection
	GlobalSection(ProjectConfigurationPlatforms) = postSolution
		{955D571A-90D4-48B5-9D1B-9E93A8446266}.Debug|Any CPU.ActiveCfg = Debug|Any CPU
		{955D571A-90D4-48B5-9D1B-9E93A8446266}.Debug|Any CPU.Build.0 = Debug|Any CPU
		{955D571A-90D4-48B5-9D1B-9E93A8446266}.Release|Any CPU.ActiveCfg = Release|Any CPU
		{955D571A-90D4-48B5-9D1B-9E93A8446266}.Release|Any CPU.Build.0 = Release|Any CPU
		{A6C0A589-4221-453C-B482-26123E15FDF0}.Debug|Any CPU.ActiveCfg = Debug|Any CPU
		{A6C0A589-4221-453C-B482-26123E15FDF0}.Debug|Any CPU.Build.0 = Debug|Any CPU
		{A6C0A589-4221-453C-B482-26123E15FDF0}.Release|Any CPU.ActiveCfg = Release|Any CPU
		{A6C0A589-4221-453C-B482-26123E15FDF0}.Release|Any CPU.Build.0 = Release|Any CPU
		{B3B4C832-763E-40DC-AD4C-D05607AC254D}.Debug|Any CPU.ActiveCfg = Debug|Any CPU
		{B3B4C832-763E-40DC-AD4C-D05607AC254D}.Debug|Any CPU.Build.0 = Debug|Any CPU
		{B3B4C832-763E-40DC-AD4C-D05607AC254D}.Release|Any CPU.ActiveCfg = Release|Any CPU
		{B3B4C832-763E-40DC-AD4C-D05607AC254D}.Release|Any CPU.Build.0 = Release|Any CPU
		{CD2F8E93-AFD6-46CE-99C9-77FE6A26DEC5}.Debug|Any CPU.ActiveCfg = Debug|Any CPU
		{CD2F8E93-AFD6-46CE-99C9-77FE6A26DEC5}.Debug|Any CPU.Build.0 = Debug|Any CPU
		{CD2F8E93-AFD6-46CE-99C9-77FE6A26DEC5}.Release|Any CPU.ActiveCfg = Release|Any CPU
		{CD2F8E93-AFD6-46CE-99C9-77FE6A26DEC5}.Release|Any CPU.Build.0 = Release|Any CPU
		{FB5BE8CA-8853-4510-98FD-F046516D25C0}.Debug|Any CPU.ActiveCfg = Debug|Any CPU
		{FB5BE8CA-8853-4510-98FD-F046516D25C0}.Debug|Any CPU.Build.0 = Debug|Any CPU
		{FB5BE8CA-8853-4510-98FD-F046516D25C0}.Release|Any CPU.ActiveCfg = Release|Any CPU
		{FB5BE8CA-8853-4510-98FD-F046516D25C0}.Release|Any CPU.Build.0 = Release|Any CPU
	EndGlobalSection
	GlobalSection(SolutionProperties) = preSolution
		HideSolutionNode = FALSE
	EndGlobalSection
EndGlobal
