
Microsoft Visual Studio Solution File, Format Version 12.00
# Visual Studio 2012
Project("{FAE04EC0-301F-11D3-BF4B-00C04F79EFBC}") = "UncommonSense.CBreeze.DomWriter", "UncommonSense.CBreeze.DomWriter\UncommonSense.CBreeze.DomWriter.csproj", "{40A0AF8E-FFF6-4F62-A5CA-963404FEFB21}"
EndProject
Project("{FAE04EC0-301F-11D3-BF4B-00C04F79EFBC}") = "UncommonSense.CBreeze.DomBuilder", "UncommonSense.CBreeze.DomBuilder\UncommonSense.CBreeze.DomBuilder.csproj", "{B3B4C832-763E-40DC-AD4C-D05607AC254D}"
EndProject
Project("{FAE04EC0-301F-11D3-BF4B-00C04F79EFBC}") = "UncommonSense.CBreeze.DomBuilder.Demo", "UncommonSense.CBreeze.DomBuilder.Demo\UncommonSense.CBreeze.DomBuilder.Demo.csproj", "{955D571A-90D4-48B5-9D1B-9E93A8446266}"
EndProject
Global
	GlobalSection(SolutionConfigurationPlatforms) = preSolution
		Debug|Any CPU = Debug|Any CPU
		Release|Any CPU = Release|Any CPU
	EndGlobalSection
	GlobalSection(ProjectConfigurationPlatforms) = postSolution
		{40A0AF8E-FFF6-4F62-A5CA-963404FEFB21}.Debug|Any CPU.ActiveCfg = Debug|Any CPU
		{40A0AF8E-FFF6-4F62-A5CA-963404FEFB21}.Debug|Any CPU.Build.0 = Debug|Any CPU
		{40A0AF8E-FFF6-4F62-A5CA-963404FEFB21}.Release|Any CPU.ActiveCfg = Release|Any CPU
		{40A0AF8E-FFF6-4F62-A5CA-963404FEFB21}.Release|Any CPU.Build.0 = Release|Any CPU
		{B3B4C832-763E-40DC-AD4C-D05607AC254D}.Debug|Any CPU.ActiveCfg = Debug|Any CPU
		{B3B4C832-763E-40DC-AD4C-D05607AC254D}.Debug|Any CPU.Build.0 = Debug|Any CPU
		{B3B4C832-763E-40DC-AD4C-D05607AC254D}.Release|Any CPU.ActiveCfg = Release|Any CPU
		{B3B4C832-763E-40DC-AD4C-D05607AC254D}.Release|Any CPU.Build.0 = Release|Any CPU
		{955D571A-90D4-48B5-9D1B-9E93A8446266}.Debug|Any CPU.ActiveCfg = Debug|Any CPU
		{955D571A-90D4-48B5-9D1B-9E93A8446266}.Debug|Any CPU.Build.0 = Debug|Any CPU
		{955D571A-90D4-48B5-9D1B-9E93A8446266}.Release|Any CPU.ActiveCfg = Release|Any CPU
		{955D571A-90D4-48B5-9D1B-9E93A8446266}.Release|Any CPU.Build.0 = Release|Any CPU
	EndGlobalSection
	GlobalSection(SolutionProperties) = preSolution
		HideSolutionNode = FALSE
	EndGlobalSection
	GlobalSection(MonoDevelopProperties) = preSolution
		StartupItem = UncommonSense.CBreeze.DomBuilder.Test\UncommonSense.CBreeze.DomBuilder.Test.csproj
	EndGlobalSection
EndGlobal
